
Microsoft Visual Studio Solution File, Format Version 12.00
# Visual Studio Version 17
VisualStudioVersion = 17.7.34221.43
MinimumVisualStudioVersion = 10.0.40219.1
Project("{FAE04EC0-301F-11D3-BF4B-00C04F79EFBC}") = "Kalitim", "Kalitim\Kalitim.csproj", "{F20B7A40-CE0E-46DF-ACB6-BBD962ED98BC}"
EndProject
Global
	GlobalSection(SolutionConfigurationPlatforms) = preSolution
		Debug|Any CPU = Debug|Any CPU
		Release|Any CPU = Release|Any CPU
	EndGlobalSection
	GlobalSection(ProjectConfigurationPlatforms) = postSolution
		{F20B7A40-CE0E-46DF-ACB6-BBD962ED98BC}.Debug|Any CPU.ActiveCfg = Debug|Any CPU
		{F20B7A40-CE0E-46DF-ACB6-BBD962ED98BC}.Debug|Any CPU.Build.0 = Debug|Any CPU
		{F20B7A40-CE0E-46DF-ACB6-BBD962ED98BC}.Release|Any CPU.ActiveCfg = Release|Any CPU
		{F20B7A40-CE0E-46DF-ACB6-BBD962ED98BC}.Release|Any CPU.Build.0 = Release|Any CPU
	EndGlobalSection
	GlobalSection(SolutionProperties) = preSolution
		HideSolutionNode = FALSE
	EndGlobalSection
	GlobalSection(ExtensibilityGlobals) = postSolution
		SolutionGuid = {193949B4-DCB9-459C-B2FB-1D6CE0BBF413}
	EndGlobalSection
EndGlobal
